// !$*UTF8*$!
{
	archiveVersion = 1;
	classes = {
	};
	objectVersion = 46;
	objects = {

/* Begin PBXBuildFile section */
		9FDFAA711D2A367A007B2CFF /* AppDelegate.swift in Sources */ = {isa = PBXBuildFile; fileRef = 9FDFAA701D2A367A007B2CFF /* AppDelegate.swift */; };
		9FDFAA731D2A367A007B2CFF /* ViewController.swift in Sources */ = {isa = PBXBuildFile; fileRef = 9FDFAA721D2A367A007B2CFF /* ViewController.swift */; };
		9FDFAA761D2A367A007B2CFF /* Main.storyboard in Resources */ = {isa = PBXBuildFile; fileRef = 9FDFAA741D2A367A007B2CFF /* Main.storyboard */; };
		9FDFAA781D2A367A007B2CFF /* Assets.xcassets in Resources */ = {isa = PBXBuildFile; fileRef = 9FDFAA771D2A367A007B2CFF /* Assets.xcassets */; };
		9FDFAA7B1D2A367A007B2CFF /* LaunchScreen.storyboard in Resources */ = {isa = PBXBuildFile; fileRef = 9FDFAA791D2A367A007B2CFF /* LaunchScreen.storyboard */; };
/* End PBXBuildFile section */

/* Begin PBXFileReference section */
		9FDFAA6D1D2A367A007B2CFF /* BoutTime.app */ = {isa = PBXFileReference; explicitFileType = wrapper.application; includeInIndex = 0; path = BoutTime.app; sourceTree = BUILT_PRODUCTS_DIR; };
		9FDFAA701D2A367A007B2CFF /* AppDelegate.swift */ = {isa = PBXFileReference; lastKnownFileType = sourcecode.swift; path = AppDelegate.swift; sourceTree = "<group>"; };
		9FDFAA721D2A367A007B2CFF /* ViewController.swift */ = {isa = PBXFileReference; lastKnownFileType = sourcecode.swift; path = ViewController.swift; sourceTree = "<group>"; };
		9FDFAA751D2A367A007B2CFF /* Base */ = {isa = PBXFileReference; lastKnownFileType = file.storyboard; name = Base; path = Base.lproj/Main.storyboard; sourceTree = "<group>"; };
		9FDFAA771D2A367A007B2CFF /* Assets.xcassets */ = {isa = PBXFileReference; lastKnownFileType = folder.assetcatalog; path = Assets.xcassets; sourceTree = "<group>"; };
		9FDFAA7A1D2A367A007B2CFF /* Base */ = {isa = PBXFileReference; lastKnownFileType = file.storyboard; name = Base; path = Base.lproj/LaunchScreen.storyboard; sourceTree = "<group>"; };
		9FDFAA7C1D2A367A007B2CFF /* Info.plist */ = {isa = PBXFileReference; lastKnownFileType = text.plist.xml; path = Info.plist; sourceTree = "<group>"; };
/* End PBXFileReference section */

/* Begin PBXFrameworksBuildPhase section */
		9FDFAA6A1D2A367A007B2CFF /* Frameworks */ = {
			isa = PBXFrameworksBuildPhase;
			buildActionMask = 2147483647;
			files = (
			);
			runOnlyForDeploymentPostprocessing = 0;
		};
/* End PBXFrameworksBuildPhase section */

/* Begin PBXGroup section */
		9FDFAA641D2A367A007B2CFF = {
			isa = PBXGroup;
			children = (
				9FDFAA6F1D2A367A007B2CFF /* BoutTime */,
				9FDFAA6E1D2A367A007B2CFF /* Products */,
			);
			sourceTree = "<group>";
		};
		9FDFAA6E1D2A367A007B2CFF /* Products */ = {
			isa = PBXGroup;
			children = (
				9FDFAA6D1D2A367A007B2CFF /* BoutTime.app */,
			);
			name = Products;
			sourceTree = "<group>";
		};
		9FDFAA6F1D2A367A007B2CFF /* BoutTime */ = {
			isa = PBXGroup;
			children = (
				9FDFAA701D2A367A007B2CFF /* AppDelegate.swift */,
				9FDFAA721D2A367A007B2CFF /* ViewController.swift */,
				9FDFAA741D2A367A007B2CFF /* Main.storyboard */,
				9FDFAA771D2A367A007B2CFF /* Assets.xcassets */,
				9FDFAA791D2A367A007B2CFF /* LaunchScreen.storyboard */,
				9FDFAA7C1D2A367A007B2CFF /* Info.plist */,
			);
			path = BoutTime;
			sourceTree = "<group>";
		};
/* End PBXGroup section */

/* Begin PBXNativeTarget section */
		9FDFAA6C1D2A367A007B2CFF /* BoutTime */ = {
			isa = PBXNativeTarget;
			buildConfigurationList = 9FDFAA7F1D2A367A007B2CFF /* Build configuration list for PBXNativeTarget "BoutTime" */;
			buildPhases = (
				9FDFAA691D2A367A007B2CFF /* Sources */,
				9FDFAA6A1D2A367A007B2CFF /* Frameworks */,
				9FDFAA6B1D2A367A007B2CFF /* Resources */,
			);
			buildRules = (
			);
			dependencies = (
			);
			name = BoutTime;
			productName = BoutTime;
			productReference = 9FDFAA6D1D2A367A007B2CFF /* BoutTime.app */;
			productType = "com.apple.product-type.application";
		};
/* End PBXNativeTarget section */

/* Begin PBXProject section */
		9FDFAA651D2A367A007B2CFF /* Project object */ = {
			isa = PBXProject;
			attributes = {
				LastSwiftUpdateCheck = 0730;
				LastUpgradeCheck = 0730;
				TargetAttributes = {
					9FDFAA6C1D2A367A007B2CFF = {
						CreatedOnToolsVersion = 7.3.1;
					};
				};
			};
			buildConfigurationList = 9FDFAA681D2A367A007B2CFF /* Build configuration list for PBXProject "BoutTime" */;
			compatibilityVersion = "Xcode 3.2";
			developmentRegion = English;
			hasScannedForEncodings = 0;
			knownRegions = (
				en,
				Base,
			);
			mainGroup = 9FDFAA641D2A367A007B2CFF;
			productRefGroup = 9FDFAA6E1D2A367A007B2CFF /* Products */;
			projectDirPath = "";
			projectRoot = "";
			targets = (
				9FDFAA6C1D2A367A007B2CFF /* BoutTime */,
			);
		};
/* End PBXProject section */

/* Begin PBXResourcesBuildPhase section */
		9FDFAA6B1D2A367A007B2CFF /* Resources */ = {
			isa = PBXResourcesBuildPhase;
			buildActionMask = 2147483647;
			files = (
				9FDFAA7B1D2A367A007B2CFF /* LaunchScreen.storyboard in Resources */,
				9FDFAA781D2A367A007B2CFF /* Assets.xcassets in Resources */,
				9FDFAA761D2A367A007B2CFF /* Main.storyboard in Resources */,
			);
			runOnlyForDeploymentPostprocessing = 0;
		};
/* End PBXResourcesBuildPhase section */

/* Begin PBXSourcesBuildPhase section */
		9FDFAA691D2A367A007B2CFF /* Sources */ = {
			isa = PBXSourcesBuildPhase;
			buildActionMask = 2147483647;
			files = (
				9FDFAA731D2A367A007B2CFF /* ViewController.swift in Sources */,
				9FDFAA711D2A367A007B2CFF /* AppDelegate.swift in Sources */,
			);
			runOnlyForDeploymentPostprocessing = 0;
		};
/* End PBXSourcesBuildPhase section */

/* Begin PBXVariantGroup section */
		9FDFAA741D2A367A007B2CFF /* Main.storyboard */ = {
			isa = PBXVariantGroup;
			children = (
				9FDFAA751D2A367A007B2CFF /* Base */,
			);
			name = Main.storyboard;
			sourceTree = "<group>";
		};
		9FDFAA791D2A367A007B2CFF /* LaunchScreen.storyboard */ = {
			isa = PBXVariantGroup;
			children = (
				9FDFAA7A1D2A367A007B2CFF /* Base */,
			);
			name = LaunchScreen.storyboard;
			sourceTree = "<group>";
		};
/* End PBXVariantGroup section */

/* Begin XCBuildConfiguration section */
		9FDFAA7D1D2A367A007B2CFF /* Debug */ = {
			isa = XCBuildConfiguration;
			buildSettings = {
				ALWAYS_SEARCH_USER_PATHS = NO;
				CLANG_ANALYZER_NONNULL = YES;
				CLANG_CXX_LANGUAGE_STANDARD = "gnu++0x";
				CLANG_CXX_LIBRARY = "libc++";
				CLANG_ENABLE_MODULES = YES;
				CLANG_ENABLE_OBJC_ARC = YES;
				CLANG_WARN_BOOL_CONVERSION = YES;
				CLANG_WARN_CONSTANT_CONVERSION = YES;
				CLANG_WARN_DIRECT_OBJC_ISA_USAGE = YES_ERROR;
				CLANG_WARN_EMPTY_BODY = YES;
				CLANG_WARN_ENUM_CONVERSION = YES;
				CLANG_WARN_INT_CONVERSION = YES;
				CLANG_WARN_OBJC_ROOT_CLASS = YES_ERROR;
				CLANG_WARN_UNREACHABLE_CODE = YES;
				CLANG_WARN__DUPLICATE_METHOD_MATCH = YES;
				"CODE_SIGN_IDENTITY[sdk=iphoneos*]" = "iPhone Developer";
				COPY_PHASE_STRIP = NO;
				DEBUG_INFORMATION_FORMAT = dwarf;
				ENABLE_STRICT_OBJC_MSGSEND = YES;
				ENABLE_TESTABILITY = YES;
				GCC_C_LANGUAGE_STANDARD = gnu99;
				GCC_DYNAMIC_NO_PIC = NO;
				GCC_NO_COMMON_BLOCKS = YES;
				GCC_OPTIMIZATION_LEVEL = 0;
				GCC_PREPROCESSOR_DEFINITIONS = (
					"DEBUG=1",
					"$(inherited)",
				);
				GCC_WARN_64_TO_32_BIT_CONVERSION = YES;
				GCC_WARN_ABOUT_RETURN_TYPE = YES_ERROR;
				GCC_WARN_UNDECLARED_SELECTOR = YES;
				GCC_WARN_UNINITIALIZED_AUTOS = YES_AGGRESSIVE;
				GCC_WARN_UNUSED_FUNCTION = YES;
				GCC_WARN_UNUSED_VARIABLE = YES;
				IPHONEOS_DEPLOYMENT_TARGET = 9.3;
				MTL_ENABLE_DEBUG_INFO = YES;
				ONLY_ACTIVE_ARCH = YES;
				SDKROOT = iphoneos;
				SWIFT_OPTIMIZATION_LEVEL = "-Onone";
			};
			name = Debug;
		};
		9FDFAA7E1D2A367A007B2CFF /* Release */ = {
			isa = XCBuildConfiguration;
			buildSettings = {
				ALWAYS_SEARCH_USER_PATHS = NO;
				CLANG_ANALYZER_NONNULL = YES;
				CLANG_CXX_LANGUAGE_STANDARD = "gnu++0x";
				CLANG_CXX_LIBRARY = "libc++";
				CLANG_ENABLE_MODULES = YES;
				CLANG_ENABLE_OBJC_ARC = YES;
				CLANG_WARN_BOOL_CONVERSION = YES;
				CLANG_WARN_CONSTANT_CONVERSION = YES;
				CLANG_WARN_DIRECT_OBJC_ISA_USAGE = YES_ERROR;
				CLANG_WARN_EMPTY_BODY = YES;
				CLANG_WARN_ENUM_CONVERSION = YES;
				CLANG_WARN_INT_CONVERSION = YES;
				CLANG_WARN_OBJC_ROOT_CLASS = YES_ERROR;
				CLANG_WARN_UNREACHABLE_CODE = YES;
				CLANG_WARN__DUPLICATE_METHOD_MATCH = YES;
				"CODE_SIGN_IDENTITY[sdk=iphoneos*]" = "iPhone Developer";
				COPY_PHASE_STRIP = NO;
				DEBUG_INFORMATION_FORMAT = "dwarf-with-dsym";
				ENABLE_NS_ASSERTIONS = NO;
				ENABLE_STRICT_OBJC_MSGSEND = YES;
				GCC_C_LANGUAGE_STANDARD = gnu99;
				GCC_NO_COMMON_BLOCKS = YES;
				GCC_WARN_64_TO_32_BIT_CONVERSION = YES;
				GCC_WARN_ABOUT_RETURN_TYPE = YES_ERROR;
				GCC_WARN_UNDECLARED_SELECTOR = YES;
				GCC_WARN_UNINITIALIZED_AUTOS = YES_AGGRESSIVE;
				GCC_WARN_UNUSED_FUNCTION = YES;
				GCC_WARN_UNUSED_VARIABLE = YES;
				IPHONEOS_DEPLOYMENT_TARGET = 9.3;
				MTL_ENABLE_DEBUG_INFO = NO;
				SDKROOT = iphoneos;
				VALIDATE_PRODUCT = YES;
			};
			name = Release;
		};
		9FDFAA801D2A367A007B2CFF /* Debug */ = {
			isa = XCBuildConfiguration;
			buildSettings = {
				ASSETCATALOG_COMPILER_APPICON_NAME = AppIcon;
				INFOPLIST_FILE = BoutTime/Info.plist;
				LD_RUNPATH_SEARCH_PATHS = "$(inherited) @executable_path/Frameworks";
				PRODUCT_BUNDLE_IDENTIFIER = com.BoutTime;
				PRODUCT_NAME = "$(TARGET_NAME)";
			};
			name = Debug;
		};
		9FDFAA811D2A367A007B2CFF /* Release */ = {
			isa = XCBuildConfiguration;
			buildSettings = {
				ASSETCATALOG_COMPILER_APPICON_NAME = AppIcon;
				INFOPLIST_FILE = BoutTime/Info.plist;
				LD_RUNPATH_SEARCH_PATHS = "$(inherited) @executable_path/Frameworks";
				PRODUCT_BUNDLE_IDENTIFIER = com.BoutTime;
				PRODUCT_NAME = "$(TARGET_NAME)";
			};
			name = Release;
		};
/* End XCBuildConfiguration section */

/* Begin XCConfigurationList section */
		9FDFAA681D2A367A007B2CFF /* Build configuration list for PBXProject "BoutTime" */ = {
			isa = XCConfigurationList;
			buildConfigurations = (
				9FDFAA7D1D2A367A007B2CFF /* Debug */,
				9FDFAA7E1D2A367A007B2CFF /* Release */,
			);
			defaultConfigurationIsVisible = 0;
			defaultConfigurationName = Release;
		};
		9FDFAA7F1D2A367A007B2CFF /* Build configuration list for PBXNativeTarget "BoutTime" */ = {
			isa = XCConfigurationList;
			buildConfigurations = (
				9FDFAA801D2A367A007B2CFF /* Debug */,
				9FDFAA811D2A367A007B2CFF /* Release */,
			);
			defaultConfigurationIsVisible = 0;
		};
/* End XCConfigurationList section */
	};
	rootObject = 9FDFAA651D2A367A007B2CFF /* Project object */;
}
